
Microsoft Visual Studio Solution File, Format Version 12.00
# Visual Studio Version 16
VisualStudioVersion = 16.0.32228.343
MinimumVisualStudioVersion = 10.0.40219.1
Project("{FAE04EC0-301F-11D3-BF4B-00C04F79EFBC}") = "GitProject", "GitProject.csproj", "{90C48129-E582-486E-85AA-837C675676BE}"
EndProject
Global
	GlobalSection(SolutionConfigurationPlatforms) = preSolution
		Debug|Any CPU = Debug|Any CPU
		Release|Any CPU = Release|Any CPU
	EndGlobalSection
	GlobalSection(ProjectConfigurationPlatforms) = postSolution
		{90C48129-E582-486E-85AA-837C675676BE}.Debug|Any CPU.ActiveCfg = Debug|Any CPU
		{90C48129-E582-486E-85AA-837C675676BE}.Debug|Any CPU.Build.0 = Debug|Any CPU
		{90C48129-E582-486E-85AA-837C675676BE}.Release|Any CPU.ActiveCfg = Release|Any CPU
		{90C48129-E582-486E-85AA-837C675676BE}.Release|Any CPU.Build.0 = Release|Any CPU
	EndGlobalSection
	GlobalSection(SolutionProperties) = preSolution
		HideSolutionNode = FALSE
	EndGlobalSection
	GlobalSection(ExtensibilityGlobals) = postSolution
		SolutionGuid = {7D1CBCE6-ED3D-48B1-AB07-CFF3846482D4}
	EndGlobalSection
EndGlobal
